
Microsoft Visual Studio Solution File, Format Version 12.00
# Visual Studio 14
VisualStudioVersion = 14.0.25420.1
MinimumVisualStudioVersion = 10.0.40219.1
Project("{FAE04EC0-301F-11D3-BF4B-00C04F79EFBC}") = "UI", "UI\UI.csproj", "{B50CB70F-4A1B-49EB-9D3D-D874BD477543}"
EndProject
Project("{FAE04EC0-301F-11D3-BF4B-00C04F79EFBC}") = "ImageProcessor", "ImageProcessor\ImageProcessor.csproj", "{017B3CF6-ECC9-4867-B057-F9A69D682779}"
EndProject
Project("{FAE04EC0-301F-11D3-BF4B-00C04F79EFBC}") = "Updater", "Installer\Updater.csproj", "{4E597C5E-4631-4A67-BD8C-B3EB8072695E}"
EndProject
Project("{FAE04EC0-301F-11D3-BF4B-00C04F79EFBC}") = "ImgXml", "ImgXml\ImgXml.csproj", "{E5F41FF6-B00F-4EBF-9D13-2D24BB232B65}"
EndProject
Project("{FAE04EC0-301F-11D3-BF4B-00C04F79EFBC}") = "DefaultScript", "DefaultScript\DefaultScript.csproj", "{2702F485-E54A-4AAB-9C87-B465A733645C}"
EndProject
Project("{FAE04EC0-301F-11D3-BF4B-00C04F79EFBC}") = "FastScript", "FastScript\FastScript.csproj", "{971DADD7-D68A-47A5-8B9E-53686C6406EB}"
EndProject
Global
	GlobalSection(SolutionConfigurationPlatforms) = preSolution
		Debug|Any CPU = Debug|Any CPU
		Debug|x86 = Debug|x86
		Release|Any CPU = Release|Any CPU
		Release|x86 = Release|x86
	EndGlobalSection
	GlobalSection(ProjectConfigurationPlatforms) = postSolution
		{B50CB70F-4A1B-49EB-9D3D-D874BD477543}.Debug|Any CPU.ActiveCfg = Debug|Any CPU
		{B50CB70F-4A1B-49EB-9D3D-D874BD477543}.Debug|Any CPU.Build.0 = Debug|Any CPU
		{B50CB70F-4A1B-49EB-9D3D-D874BD477543}.Debug|x86.ActiveCfg = Debug|x86
		{B50CB70F-4A1B-49EB-9D3D-D874BD477543}.Debug|x86.Build.0 = Debug|x86
		{B50CB70F-4A1B-49EB-9D3D-D874BD477543}.Release|Any CPU.ActiveCfg = Release|x86
		{B50CB70F-4A1B-49EB-9D3D-D874BD477543}.Release|Any CPU.Build.0 = Release|x86
		{B50CB70F-4A1B-49EB-9D3D-D874BD477543}.Release|x86.ActiveCfg = Release|x86
		{B50CB70F-4A1B-49EB-9D3D-D874BD477543}.Release|x86.Build.0 = Release|x86
		{017B3CF6-ECC9-4867-B057-F9A69D682779}.Debug|Any CPU.ActiveCfg = Debug|Any CPU
		{017B3CF6-ECC9-4867-B057-F9A69D682779}.Debug|Any CPU.Build.0 = Debug|Any CPU
		{017B3CF6-ECC9-4867-B057-F9A69D682779}.Debug|x86.ActiveCfg = Debug|x86
		{017B3CF6-ECC9-4867-B057-F9A69D682779}.Debug|x86.Build.0 = Debug|x86
		{017B3CF6-ECC9-4867-B057-F9A69D682779}.Release|Any CPU.ActiveCfg = Release|x86
		{017B3CF6-ECC9-4867-B057-F9A69D682779}.Release|Any CPU.Build.0 = Release|x86
		{017B3CF6-ECC9-4867-B057-F9A69D682779}.Release|x86.ActiveCfg = Release|x86
		{017B3CF6-ECC9-4867-B057-F9A69D682779}.Release|x86.Build.0 = Release|x86
		{4E597C5E-4631-4A67-BD8C-B3EB8072695E}.Debug|Any CPU.ActiveCfg = Debug|Any CPU
		{4E597C5E-4631-4A67-BD8C-B3EB8072695E}.Debug|Any CPU.Build.0 = Debug|Any CPU
		{4E597C5E-4631-4A67-BD8C-B3EB8072695E}.Debug|x86.ActiveCfg = Debug|Any CPU
		{4E597C5E-4631-4A67-BD8C-B3EB8072695E}.Debug|x86.Build.0 = Debug|Any CPU
		{4E597C5E-4631-4A67-BD8C-B3EB8072695E}.Release|Any CPU.ActiveCfg = Release|Any CPU
		{4E597C5E-4631-4A67-BD8C-B3EB8072695E}.Release|Any CPU.Build.0 = Release|Any CPU
		{4E597C5E-4631-4A67-BD8C-B3EB8072695E}.Release|x86.ActiveCfg = Release|Any CPU
		{4E597C5E-4631-4A67-BD8C-B3EB8072695E}.Release|x86.Build.0 = Release|Any CPU
		{E5F41FF6-B00F-4EBF-9D13-2D24BB232B65}.Debug|Any CPU.ActiveCfg = Debug|Any CPU
		{E5F41FF6-B00F-4EBF-9D13-2D24BB232B65}.Debug|Any CPU.Build.0 = Debug|Any CPU
		{E5F41FF6-B00F-4EBF-9D13-2D24BB232B65}.Debug|x86.ActiveCfg = Debug|Any CPU
		{E5F41FF6-B00F-4EBF-9D13-2D24BB232B65}.Debug|x86.Build.0 = Debug|Any CPU
		{E5F41FF6-B00F-4EBF-9D13-2D24BB232B65}.Release|Any CPU.ActiveCfg = Release|Any CPU
		{E5F41FF6-B00F-4EBF-9D13-2D24BB232B65}.Release|Any CPU.Build.0 = Release|Any CPU
		{E5F41FF6-B00F-4EBF-9D13-2D24BB232B65}.Release|x86.ActiveCfg = Release|Any CPU
		{E5F41FF6-B00F-4EBF-9D13-2D24BB232B65}.Release|x86.Build.0 = Release|Any CPU
		{2702F485-E54A-4AAB-9C87-B465A733645C}.Debug|Any CPU.ActiveCfg = Debug|Any CPU
		{2702F485-E54A-4AAB-9C87-B465A733645C}.Debug|Any CPU.Build.0 = Debug|Any CPU
		{2702F485-E54A-4AAB-9C87-B465A733645C}.Debug|x86.ActiveCfg = Debug|Any CPU
		{2702F485-E54A-4AAB-9C87-B465A733645C}.Debug|x86.Build.0 = Debug|Any CPU
		{2702F485-E54A-4AAB-9C87-B465A733645C}.Release|Any CPU.ActiveCfg = Release|Any CPU
		{2702F485-E54A-4AAB-9C87-B465A733645C}.Release|Any CPU.Build.0 = Release|Any CPU
		{2702F485-E54A-4AAB-9C87-B465A733645C}.Release|x86.ActiveCfg = Release|Any CPU
		{2702F485-E54A-4AAB-9C87-B465A733645C}.Release|x86.Build.0 = Release|Any CPU
		{971DADD7-D68A-47A5-8B9E-53686C6406EB}.Debug|Any CPU.ActiveCfg = Debug|Any CPU
		{971DADD7-D68A-47A5-8B9E-53686C6406EB}.Debug|Any CPU.Build.0 = Debug|Any CPU
		{971DADD7-D68A-47A5-8B9E-53686C6406EB}.Debug|x86.ActiveCfg = Debug|Any CPU
		{971DADD7-D68A-47A5-8B9E-53686C6406EB}.Debug|x86.Build.0 = Debug|Any CPU
		{971DADD7-D68A-47A5-8B9E-53686C6406EB}.Release|Any CPU.ActiveCfg = Release|Any CPU
		{971DADD7-D68A-47A5-8B9E-53686C6406EB}.Release|Any CPU.Build.0 = Release|Any CPU
		{971DADD7-D68A-47A5-8B9E-53686C6406EB}.Release|x86.ActiveCfg = Release|Any CPU
		{971DADD7-D68A-47A5-8B9E-53686C6406EB}.Release|x86.Build.0 = Release|Any CPU
	EndGlobalSection
	GlobalSection(SolutionProperties) = preSolution
		HideSolutionNode = FALSE
	EndGlobalSection
	GlobalSection(ExtensibilityGlobals) = postSolution
		SolutionGuid = {858689EA-7868-4B24-A9E9-A8C2A6CA9753}
	EndGlobalSection
EndGlobal
